
Microsoft Visual Studio Solution File, Format Version 12.00
# Visual Studio 2012
Project("{FAE04EC0-301F-11D3-BF4B-00C04F79EFBC}") = "CrossPlatformForms", "CrossPlatformForms\CrossPlatformForms.csproj", "{9900E251-FC50-4849-86FA-476F612D65AD}"
EndProject
Project("{FAE04EC0-301F-11D3-BF4B-00C04F79EFBC}") = "CrossPlatformForms.Droid", "Droid\CrossPlatformForms.Droid.csproj", "{CED13CCA-5586-4C4E-8FA4-B03642119B99}"
EndProject
Global
	GlobalSection(SolutionConfigurationPlatforms) = preSolution
		Debug|Any CPU = Debug|Any CPU
		Release|Any CPU = Release|Any CPU
	EndGlobalSection
	GlobalSection(ProjectConfigurationPlatforms) = postSolution
		{9900E251-FC50-4849-86FA-476F612D65AD}.Debug|Any CPU.ActiveCfg = Debug|Any CPU
		{9900E251-FC50-4849-86FA-476F612D65AD}.Debug|Any CPU.Build.0 = Debug|Any CPU
		{9900E251-FC50-4849-86FA-476F612D65AD}.Release|Any CPU.ActiveCfg = Release|Any CPU
		{9900E251-FC50-4849-86FA-476F612D65AD}.Release|Any CPU.Build.0 = Release|Any CPU
		{CED13CCA-5586-4C4E-8FA4-B03642119B99}.Debug|Any CPU.ActiveCfg = Debug|Any CPU
		{CED13CCA-5586-4C4E-8FA4-B03642119B99}.Debug|Any CPU.Build.0 = Debug|Any CPU
		{CED13CCA-5586-4C4E-8FA4-B03642119B99}.Release|Any CPU.ActiveCfg = Release|Any CPU
		{CED13CCA-5586-4C4E-8FA4-B03642119B99}.Release|Any CPU.Build.0 = Release|Any CPU
	EndGlobalSection
EndGlobal
